
Microsoft Visual Studio Solution File, Format Version 12.00
# Visual Studio 15
VisualStudioVersion = 15.0.27004.2006
MinimumVisualStudioVersion = 10.0.40219.1
Project("{FAE04EC0-301F-11D3-BF4B-00C04F79EFBC}") = "HotelDotNet", "HotelDotNet\HotelDotNet.csproj", "{6DBFB984-C3C6-43D7-8ADC-3C8B44B5C5D7}"
EndProject
Global
	GlobalSection(SolutionConfigurationPlatforms) = preSolution
		Debug|Any CPU = Debug|Any CPU
		Release|Any CPU = Release|Any CPU
	EndGlobalSection
	GlobalSection(ProjectConfigurationPlatforms) = postSolution
		{6DBFB984-C3C6-43D7-8ADC-3C8B44B5C5D7}.Debug|Any CPU.ActiveCfg = Debug|Any CPU
		{6DBFB984-C3C6-43D7-8ADC-3C8B44B5C5D7}.Debug|Any CPU.Build.0 = Debug|Any CPU
		{6DBFB984-C3C6-43D7-8ADC-3C8B44B5C5D7}.Release|Any CPU.ActiveCfg = Release|Any CPU
		{6DBFB984-C3C6-43D7-8ADC-3C8B44B5C5D7}.Release|Any CPU.Build.0 = Release|Any CPU
	EndGlobalSection
	GlobalSection(SolutionProperties) = preSolution
		HideSolutionNode = FALSE
	EndGlobalSection
	GlobalSection(ExtensibilityGlobals) = postSolution
		SolutionGuid = {C7678475-0AA6-4A7D-A3A6-C72F64797165}
	EndGlobalSection
EndGlobal
